<?xml version="1.0" encoding="UTF-8"?>
<CodeBlocks_project_file>
	<FileVersion major="1" minor="6"/>
	<Project>
		<Option title="PipeRelay"/>
		<Option makefile_is_custom="1"/>
		<Option compiler="gcc"/>
		<Option virtualFolders="CMake Files\;"/>
		<Build>
			<Target title="all">
				<Option working_dir="/home/basto/Git/PipeRelay"/>
				<Option type="4"/>
				<MakeCommands>
					<Build command="/usr/bin/make -j4 -f &quot;/home/basto/Git/PipeRelay/Makefile&quot;  VERBOSE=1 all"/>
					<CompileFile command="/usr/bin/make -j4 -f &quot;/home/basto/Git/PipeRelay/Makefile&quot;  VERBOSE=1 &quot;$file&quot;"/>
					<Clean command="/usr/bin/make -j4 -f &quot;/home/basto/Git/PipeRelay/Makefile&quot;  VERBOSE=1 clean"/>
					<DistClean command="/usr/bin/make -j4 -f &quot;/home/basto/Git/PipeRelay/Makefile&quot;  VERBOSE=1 clean"/>
				</MakeCommands>
			</Target>
			<Target title="edit_cache">
				<Option working_dir="/home/basto/Git/PipeRelay"/>
				<Option type="4"/>
				<MakeCommands>
					<Build command="/usr/bin/make -j4 -f &quot;/home/basto/Git/PipeRelay/Makefile&quot;  VERBOSE=1 edit_cache"/>
					<CompileFile command="/usr/bin/make -j4 -f &quot;/home/basto/Git/PipeRelay/Makefile&quot;  VERBOSE=1 &quot;$file&quot;"/>
					<Clean command="/usr/bin/make -j4 -f &quot;/home/basto/Git/PipeRelay/Makefile&quot;  VERBOSE=1 clean"/>
					<DistClean command="/usr/bin/make -j4 -f &quot;/home/basto/Git/PipeRelay/Makefile&quot;  VERBOSE=1 clean"/>
				</MakeCommands>
			</Target>
			<Target title="rebuild_cache">
				<Option working_dir="/home/basto/Git/PipeRelay"/>
				<Option type="4"/>
				<MakeCommands>
					<Build command="/usr/bin/make -j4 -f &quot;/home/basto/Git/PipeRelay/Makefile&quot;  VERBOSE=1 rebuild_cache"/>
					<CompileFile command="/usr/bin/make -j4 -f &quot;/home/basto/Git/PipeRelay/Makefile&quot;  VERBOSE=1 &quot;$file&quot;"/>
					<Clean command="/usr/bin/make -j4 -f &quot;/home/basto/Git/PipeRelay/Makefile&quot;  VERBOSE=1 clean"/>
					<DistClean command="/usr/bin/make -j4 -f &quot;/home/basto/Git/PipeRelay/Makefile&quot;  VERBOSE=1 clean"/>
				</MakeCommands>
			</Target>
			<Target title="PipeRelayLib">
				<Option output="/home/basto/Git/PipeRelay/libPipeRelayLib.a" prefix_auto="0" extension_auto="0"/>
				<Option working_dir="/home/basto/Git/PipeRelay"/>
				<Option object_output="./"/>
				<Option type="2"/>
				<Option compiler="gcc"/>
				<Compiler>
					<Add directory="/home/basto/Git/PipeRelay/include"/>
					<Add directory="/usr/include/c++/5"/>
					<Add directory="/usr/include/x86_64-linux-gnu/c++/5"/>
					<Add directory="/usr/include/c++/5/backward"/>
					<Add directory="/usr/lib/gcc/x86_64-linux-gnu/5/include"/>
					<Add directory="/usr/local/include"/>
					<Add directory="/usr/lib/gcc/x86_64-linux-gnu/5/include-fixed"/>
					<Add directory="/usr/include/x86_64-linux-gnu"/>
					<Add directory="/usr/include"/>
				</Compiler>
				<MakeCommands>
					<Build command="/usr/bin/make -j4 -f &quot;/home/basto/Git/PipeRelay/Makefile&quot;  VERBOSE=1 PipeRelayLib"/>
					<CompileFile command="/usr/bin/make -j4 -f &quot;/home/basto/Git/PipeRelay/Makefile&quot;  VERBOSE=1 &quot;$file&quot;"/>
					<Clean command="/usr/bin/make -j4 -f &quot;/home/basto/Git/PipeRelay/Makefile&quot;  VERBOSE=1 clean"/>
					<DistClean command="/usr/bin/make -j4 -f &quot;/home/basto/Git/PipeRelay/Makefile&quot;  VERBOSE=1 clean"/>
				</MakeCommands>
			</Target>
			<Target title="PipeRelayLib/fast">
				<Option output="/home/basto/Git/PipeRelay/libPipeRelayLib.a" prefix_auto="0" extension_auto="0"/>
				<Option working_dir="/home/basto/Git/PipeRelay"/>
				<Option object_output="./"/>
				<Option type="2"/>
				<Option compiler="gcc"/>
				<Compiler>
					<Add directory="/home/basto/Git/PipeRelay/include"/>
					<Add directory="/usr/include/c++/5"/>
					<Add directory="/usr/include/x86_64-linux-gnu/c++/5"/>
					<Add directory="/usr/include/c++/5/backward"/>
					<Add directory="/usr/lib/gcc/x86_64-linux-gnu/5/include"/>
					<Add directory="/usr/local/include"/>
					<Add directory="/usr/lib/gcc/x86_64-linux-gnu/5/include-fixed"/>
					<Add directory="/usr/include/x86_64-linux-gnu"/>
					<Add directory="/usr/include"/>
				</Compiler>
				<MakeCommands>
					<Build command="/usr/bin/make -j4 -f &quot;/home/basto/Git/PipeRelay/Makefile&quot;  VERBOSE=1 PipeRelayLib/fast"/>
					<CompileFile command="/usr/bin/make -j4 -f &quot;/home/basto/Git/PipeRelay/Makefile&quot;  VERBOSE=1 &quot;$file&quot;"/>
					<Clean command="/usr/bin/make -j4 -f &quot;/home/basto/Git/PipeRelay/Makefile&quot;  VERBOSE=1 clean"/>
					<DistClean command="/usr/bin/make -j4 -f &quot;/home/basto/Git/PipeRelay/Makefile&quot;  VERBOSE=1 clean"/>
				</MakeCommands>
			</Target>
			<Target title="PipeRelay">
				<Option output="/home/basto/Git/PipeRelay/PipeRelay" prefix_auto="0" extension_auto="0"/>
				<Option working_dir="/home/basto/Git/PipeRelay"/>
				<Option object_output="./"/>
				<Option type="1"/>
				<Option compiler="gcc"/>
				<Compiler>
					<Add directory="/home/basto/Git/PipeRelay/include"/>
					<Add directory="/usr/include/c++/5"/>
					<Add directory="/usr/include/x86_64-linux-gnu/c++/5"/>
					<Add directory="/usr/include/c++/5/backward"/>
					<Add directory="/usr/lib/gcc/x86_64-linux-gnu/5/include"/>
					<Add directory="/usr/local/include"/>
					<Add directory="/usr/lib/gcc/x86_64-linux-gnu/5/include-fixed"/>
					<Add directory="/usr/include/x86_64-linux-gnu"/>
					<Add directory="/usr/include"/>
				</Compiler>
				<MakeCommands>
					<Build command="/usr/bin/make -j4 -f &quot;/home/basto/Git/PipeRelay/Makefile&quot;  VERBOSE=1 PipeRelay"/>
					<CompileFile command="/usr/bin/make -j4 -f &quot;/home/basto/Git/PipeRelay/Makefile&quot;  VERBOSE=1 &quot;$file&quot;"/>
					<Clean command="/usr/bin/make -j4 -f &quot;/home/basto/Git/PipeRelay/Makefile&quot;  VERBOSE=1 clean"/>
					<DistClean command="/usr/bin/make -j4 -f &quot;/home/basto/Git/PipeRelay/Makefile&quot;  VERBOSE=1 clean"/>
				</MakeCommands>
			</Target>
			<Target title="PipeRelay/fast">
				<Option output="/home/basto/Git/PipeRelay/PipeRelay" prefix_auto="0" extension_auto="0"/>
				<Option working_dir="/home/basto/Git/PipeRelay"/>
				<Option object_output="./"/>
				<Option type="1"/>
				<Option compiler="gcc"/>
				<Compiler>
					<Add directory="/home/basto/Git/PipeRelay/include"/>
					<Add directory="/usr/include/c++/5"/>
					<Add directory="/usr/include/x86_64-linux-gnu/c++/5"/>
					<Add directory="/usr/include/c++/5/backward"/>
					<Add directory="/usr/lib/gcc/x86_64-linux-gnu/5/include"/>
					<Add directory="/usr/local/include"/>
					<Add directory="/usr/lib/gcc/x86_64-linux-gnu/5/include-fixed"/>
					<Add directory="/usr/include/x86_64-linux-gnu"/>
					<Add directory="/usr/include"/>
				</Compiler>
				<MakeCommands>
					<Build command="/usr/bin/make -j4 -f &quot;/home/basto/Git/PipeRelay/Makefile&quot;  VERBOSE=1 PipeRelay/fast"/>
					<CompileFile command="/usr/bin/make -j4 -f &quot;/home/basto/Git/PipeRelay/Makefile&quot;  VERBOSE=1 &quot;$file&quot;"/>
					<Clean command="/usr/bin/make -j4 -f &quot;/home/basto/Git/PipeRelay/Makefile&quot;  VERBOSE=1 clean"/>
					<DistClean command="/usr/bin/make -j4 -f &quot;/home/basto/Git/PipeRelay/Makefile&quot;  VERBOSE=1 clean"/>
				</MakeCommands>
			</Target>
		</Build>
		<Unit filename="/home/basto/Git/PipeRelay/include/BaseReader.h">
			<Option target="PipeRelayLib"/>
			<Option target="PipeRelay"/>
		</Unit>
		<Unit filename="/home/basto/Git/PipeRelay/include/Log.h">
			<Option target="PipeRelayLib"/>
			<Option target="PipeRelay"/>
		</Unit>
		<Unit filename="/home/basto/Git/PipeRelay/include/PipeHandler.h">
			<Option target="PipeRelayLib"/>
			<Option target="PipeRelay"/>
		</Unit>
		<Unit filename="/home/basto/Git/PipeRelay/include/PipeReader.h">
			<Option target="PipeRelayLib"/>
			<Option target="PipeRelay"/>
		</Unit>
		<Unit filename="/home/basto/Git/PipeRelay/include/PipeWriter.h">
			<Option target="PipeRelayLib"/>
			<Option target="PipeRelay"/>
		</Unit>
		<Unit filename="/home/basto/Git/PipeRelay/include/ReadConfig.h">
			<Option target="PipeRelayLib"/>
			<Option target="PipeRelay"/>
		</Unit>
		<Unit filename="/home/basto/Git/PipeRelay/include/Ssh.h">
			<Option target="PipeRelayLib"/>
			<Option target="PipeRelay"/>
		</Unit>
		<Unit filename="/home/basto/Git/PipeRelay/main.cpp">
			<Option target="PipeRelay"/>
		</Unit>
		<Unit filename="/home/basto/Git/PipeRelay/main.h">
			<Option target="PipeRelay"/>
		</Unit>
		<Unit filename="/home/basto/Git/PipeRelay/src/BaseReader.cpp">
			<Option target="PipeRelayLib"/>
			<Option target="PipeRelay"/>
		</Unit>
		<Unit filename="/home/basto/Git/PipeRelay/src/Loging/Log.cpp">
			<Option target="PipeRelayLib"/>
			<Option target="PipeRelay"/>
		</Unit>
		<Unit filename="/home/basto/Git/PipeRelay/src/Pipehandler.cpp">
			<Option target="PipeRelayLib"/>
			<Option target="PipeRelay"/>
		</Unit>
		<Unit filename="/home/basto/Git/PipeRelay/src/Reader/PipeReader.cpp">
			<Option target="PipeRelayLib"/>
			<Option target="PipeRelay"/>
		</Unit>
		<Unit filename="/home/basto/Git/PipeRelay/src/Writer/PipeWriter.cpp">
			<Option target="PipeRelayLib"/>
			<Option target="PipeRelay"/>
		</Unit>
		<Unit filename="/home/basto/Git/PipeRelay/src/ssh/ReadConfig.cpp">
			<Option target="PipeRelayLib"/>
			<Option target="PipeRelay"/>
		</Unit>
		<Unit filename="/home/basto/Git/PipeRelay/src/ssh/Ssh.cpp">
			<Option target="PipeRelayLib"/>
			<Option target="PipeRelay"/>
		</Unit>
		<Unit filename="/home/basto/Git/PipeRelay/CMakeLists.txt">
			<Option virtualFolder="CMake Files\"/>
		</Unit>
	</Project>
</CodeBlocks_project_file>
